
Microsoft Visual Studio Solution File, Format Version 12.00
Project("{FAE04EC0-301F-11D3-BF4B-00C04F79EFBC}") = "MixinSharp.Generators", "MixinSharp.Generators\MixinSharp.Generators.csproj", "{7F2B9DD5-4D43-4045-81BB-70D89B9B4C8D}"
EndProject
Project("{FAE04EC0-301F-11D3-BF4B-00C04F79EFBC}") = "MixinSharp.Sample", "MixinSharp.Sample\MixinSharp.Sample.csproj", "{BDC7EF39-49A4-449B-9E54-21E5C24926DF}"
EndProject
Project("{FAE04EC0-301F-11D3-BF4B-00C04F79EFBC}") = "MixinSharp.Tests", "MixinSharp.Tests\MixinSharp.Tests.csproj", "{C62675C0-896B-4877-A994-9EC943229E3B}"
EndProject
Project("{2150E333-8FDC-42A3-9474-1A3956D46DE8}") = "SolutionFolder", "SolutionFolder", "{2FB581DF-CCE8-49C7-82AE-F7D393718CB2}"
	ProjectSection(SolutionItems) = preProject
		.gitignore = .gitignore
		.gitlab-ci.yml = .gitlab-ci.yml
		AUTHORS.md = AUTHORS.md
		CONTRIBUTING.md = CONTRIBUTING.md
		LICENSE.md = LICENSE.md
		README.md = README.md
	EndProjectSection
EndProject
Project("{FAE04EC0-301F-11D3-BF4B-00C04F79EFBC}") = "MixinSharp", "MixinSharp\MixinSharp.csproj", "{89770E84-7576-42B7-B779-1AD840E0AD9B}"
EndProject
Global
	GlobalSection(SolutionConfigurationPlatforms) = preSolution
		Debug|Any CPU = Debug|Any CPU
		Release|Any CPU = Release|Any CPU
	EndGlobalSection
	GlobalSection(ProjectConfigurationPlatforms) = postSolution
		{7F2B9DD5-4D43-4045-81BB-70D89B9B4C8D}.Debug|Any CPU.ActiveCfg = Debug|Any CPU
		{7F2B9DD5-4D43-4045-81BB-70D89B9B4C8D}.Debug|Any CPU.Build.0 = Debug|Any CPU
		{7F2B9DD5-4D43-4045-81BB-70D89B9B4C8D}.Release|Any CPU.ActiveCfg = Release|Any CPU
		{7F2B9DD5-4D43-4045-81BB-70D89B9B4C8D}.Release|Any CPU.Build.0 = Release|Any CPU
		{BDC7EF39-49A4-449B-9E54-21E5C24926DF}.Debug|Any CPU.ActiveCfg = Debug|Any CPU
		{BDC7EF39-49A4-449B-9E54-21E5C24926DF}.Debug|Any CPU.Build.0 = Debug|Any CPU
		{BDC7EF39-49A4-449B-9E54-21E5C24926DF}.Release|Any CPU.ActiveCfg = Release|Any CPU
		{BDC7EF39-49A4-449B-9E54-21E5C24926DF}.Release|Any CPU.Build.0 = Release|Any CPU
		{C62675C0-896B-4877-A994-9EC943229E3B}.Debug|Any CPU.ActiveCfg = Debug|Any CPU
		{C62675C0-896B-4877-A994-9EC943229E3B}.Debug|Any CPU.Build.0 = Debug|Any CPU
		{C62675C0-896B-4877-A994-9EC943229E3B}.Release|Any CPU.ActiveCfg = Release|Any CPU
		{C62675C0-896B-4877-A994-9EC943229E3B}.Release|Any CPU.Build.0 = Release|Any CPU
		{89770E84-7576-42B7-B779-1AD840E0AD9B}.Debug|Any CPU.ActiveCfg = Debug|Any CPU
		{89770E84-7576-42B7-B779-1AD840E0AD9B}.Debug|Any CPU.Build.0 = Debug|Any CPU
		{89770E84-7576-42B7-B779-1AD840E0AD9B}.Release|Any CPU.ActiveCfg = Release|Any CPU
		{89770E84-7576-42B7-B779-1AD840E0AD9B}.Release|Any CPU.Build.0 = Release|Any CPU
	EndGlobalSection
EndGlobal
